
Microsoft Visual Studio Solution File, Format Version 12.00
# Visual Studio Version 16
VisualStudioVersion = 16.0.30804.86
MinimumVisualStudioVersion = 10.0.40219.1
Project("{9A19103F-16F7-4668-BE54-9A1E7A4F7556}") = "NetCheck", "NetCheck\NetCheck.csproj", "{7476DD12-96F3-4FA2-A10A-72B8CC9F5634}"
EndProject
Global
	GlobalSection(SolutionConfigurationPlatforms) = preSolution
		Debug|Any CPU = Debug|Any CPU
		Release|Any CPU = Release|Any CPU
	EndGlobalSection
	GlobalSection(ProjectConfigurationPlatforms) = postSolution
		{7476DD12-96F3-4FA2-A10A-72B8CC9F5634}.Debug|Any CPU.ActiveCfg = Debug|Any CPU
		{7476DD12-96F3-4FA2-A10A-72B8CC9F5634}.Debug|Any CPU.Build.0 = Debug|Any CPU
		{7476DD12-96F3-4FA2-A10A-72B8CC9F5634}.Release|Any CPU.ActiveCfg = Release|Any CPU
		{7476DD12-96F3-4FA2-A10A-72B8CC9F5634}.Release|Any CPU.Build.0 = Release|Any CPU
	EndGlobalSection
	GlobalSection(SolutionProperties) = preSolution
		HideSolutionNode = FALSE
	EndGlobalSection
	GlobalSection(ExtensibilityGlobals) = postSolution
		SolutionGuid = {8C039F65-2400-4836-A712-25F99C809BA8}
	EndGlobalSection
EndGlobal
